
Microsoft Visual Studio Solution File, Format Version 12.00
# Visual Studio Version 17
VisualStudioVersion = 17.6.33815.320
MinimumVisualStudioVersion = 10.0.40219.1
Project("{FAE04EC0-301F-11D3-BF4B-00C04F79EFBC}") = "OgrenciNotMVC-2", ".\OgrenciNotMVC-2\OgrenciNotMVC-2.csproj", "{4C0FEB61-A5CF-48FD-8BCB-FFE178CC1967}"
EndProject
Global
	GlobalSection(SolutionConfigurationPlatforms) = preSolution
		Debug|Any CPU = Debug|Any CPU
		Release|Any CPU = Release|Any CPU
	EndGlobalSection
	GlobalSection(ProjectConfigurationPlatforms) = postSolution
		{4C0FEB61-A5CF-48FD-8BCB-FFE178CC1967}.Debug|Any CPU.ActiveCfg = Debug|Any CPU
		{4C0FEB61-A5CF-48FD-8BCB-FFE178CC1967}.Debug|Any CPU.Build.0 = Debug|Any CPU
		{4C0FEB61-A5CF-48FD-8BCB-FFE178CC1967}.Release|Any CPU.ActiveCfg = Release|Any CPU
		{4C0FEB61-A5CF-48FD-8BCB-FFE178CC1967}.Release|Any CPU.Build.0 = Release|Any CPU
	EndGlobalSection
	GlobalSection(SolutionProperties) = preSolution
		HideSolutionNode = FALSE
	EndGlobalSection
	GlobalSection(ExtensibilityGlobals) = postSolution
		SolutionGuid = {23E8E619-DE04-40A1-AD7C-F9FB797ED288}
	EndGlobalSection
EndGlobal
